
Microsoft Visual Studio Solution File, Format Version 12.00
# Visual Studio Version 17
VisualStudioVersion = 17.9.34714.143
MinimumVisualStudioVersion = 10.0.40219.1
Project("{2150E333-8FDC-42A3-9474-1A3956D46DE8}") = "Services", "Services", "{5446D732-85D1-49FD-BEB3-DBE836A55B68}"
EndProject
Project("{2150E333-8FDC-42A3-9474-1A3956D46DE8}") = "Catalogue", "Catalogue", "{D86FEACC-B591-4411-A761-1E89BBA73DB3}"
EndProject
Project("{FAE04EC0-301F-11D3-BF4B-00C04F79EFBC}") = "Catalogue.API", "..\src\Services\Catalogue\Catalogue.API\Catalogue.API.csproj", "{4DC1B219-8EB3-40DE-AFBE-C79F57C9CDAF}"
EndProject
Global
	GlobalSection(SolutionConfigurationPlatforms) = preSolution
		Debug|Any CPU = Debug|Any CPU
		Release|Any CPU = Release|Any CPU
	EndGlobalSection
	GlobalSection(ProjectConfigurationPlatforms) = postSolution
		{4DC1B219-8EB3-40DE-AFBE-C79F57C9CDAF}.Debug|Any CPU.ActiveCfg = Debug|Any CPU
		{4DC1B219-8EB3-40DE-AFBE-C79F57C9CDAF}.Debug|Any CPU.Build.0 = Debug|Any CPU
		{4DC1B219-8EB3-40DE-AFBE-C79F57C9CDAF}.Release|Any CPU.ActiveCfg = Release|Any CPU
		{4DC1B219-8EB3-40DE-AFBE-C79F57C9CDAF}.Release|Any CPU.Build.0 = Release|Any CPU
	EndGlobalSection
	GlobalSection(SolutionProperties) = preSolution
		HideSolutionNode = FALSE
	EndGlobalSection
	GlobalSection(NestedProjects) = preSolution
		{D86FEACC-B591-4411-A761-1E89BBA73DB3} = {5446D732-85D1-49FD-BEB3-DBE836A55B68}
		{4DC1B219-8EB3-40DE-AFBE-C79F57C9CDAF} = {D86FEACC-B591-4411-A761-1E89BBA73DB3}
	EndGlobalSection
	GlobalSection(ExtensibilityGlobals) = postSolution
		SolutionGuid = {2F17D8FC-F634-4608-910E-D65520017CD1}
	EndGlobalSection
EndGlobal
