
Microsoft Visual Studio Solution File, Format Version 12.00
# Visual Studio Version 17
VisualStudioVersion = 17.9.34714.143
MinimumVisualStudioVersion = 10.0.40219.1
Project("{2150E333-8FDC-42A3-9474-1A3956D46DE8}") = "Services", "Services", "{5FE648BF-1870-49D9-932F-EAB6D8EBFF77}"
EndProject
Project("{2150E333-8FDC-42A3-9474-1A3956D46DE8}") = "Catalogue", "Catalogue", "{3496443E-0BAE-4DA8-8CB7-0E554082CDD0}"
EndProject
Project("{9A19103F-16F7-4668-BE54-9A1E7A4F7556}") = "Catalogue.API", "Services\Catalogue\Catalogue.API\Catalogue.API.csproj", "{53F49D46-AC2B-46DA-ACFB-B5C64A39A8C2}"
EndProject
Global
	GlobalSection(SolutionConfigurationPlatforms) = preSolution
		Debug|Any CPU = Debug|Any CPU
		Release|Any CPU = Release|Any CPU
	EndGlobalSection
	GlobalSection(ProjectConfigurationPlatforms) = postSolution
		{53F49D46-AC2B-46DA-ACFB-B5C64A39A8C2}.Debug|Any CPU.ActiveCfg = Debug|Any CPU
		{53F49D46-AC2B-46DA-ACFB-B5C64A39A8C2}.Debug|Any CPU.Build.0 = Debug|Any CPU
		{53F49D46-AC2B-46DA-ACFB-B5C64A39A8C2}.Release|Any CPU.ActiveCfg = Release|Any CPU
		{53F49D46-AC2B-46DA-ACFB-B5C64A39A8C2}.Release|Any CPU.Build.0 = Release|Any CPU
	EndGlobalSection
	GlobalSection(SolutionProperties) = preSolution
		HideSolutionNode = FALSE
	EndGlobalSection
	GlobalSection(NestedProjects) = preSolution
		{3496443E-0BAE-4DA8-8CB7-0E554082CDD0} = {5FE648BF-1870-49D9-932F-EAB6D8EBFF77}
		{53F49D46-AC2B-46DA-ACFB-B5C64A39A8C2} = {3496443E-0BAE-4DA8-8CB7-0E554082CDD0}
	EndGlobalSection
	GlobalSection(ExtensibilityGlobals) = postSolution
		SolutionGuid = {2F17D8FC-F634-4608-910E-D65520017CD1}
	EndGlobalSection
EndGlobal
